// !$*UTF8*$!
{
	archiveVersion = 1;
	classes = {
	};
	objectVersion = 50;
	objects = {

/* Begin PBXBuildFile section */
		CC5564C8239387E600A48D50 /* AppDelegate.swift in Sources */ = {isa = PBXBuildFile; fileRef = CC5564C7239387E600A48D50 /* AppDelegate.swift */; };
		CC5564CA239387E600A48D50 /* SceneDelegate.swift in Sources */ = {isa = PBXBuildFile; fileRef = CC5564C9239387E600A48D50 /* SceneDelegate.swift */; };
		CC5564D1239387E600A48D50 /* Main.storyboard in Resources */ = {isa = PBXBuildFile; fileRef = CC5564CF239387E600A48D50 /* Main.storyboard */; };
		CC5564D3239387E800A48D50 /* Assets.xcassets in Resources */ = {isa = PBXBuildFile; fileRef = CC5564D2239387E800A48D50 /* Assets.xcassets */; };
		CC5564D6239387E800A48D50 /* LaunchScreen.storyboard in Resources */ = {isa = PBXBuildFile; fileRef = CC5564D4239387E800A48D50 /* LaunchScreen.storyboard */; };
		CC5564E1239387E800A48D50 /* MyContactsTests.swift in Sources */ = {isa = PBXBuildFile; fileRef = CC5564E0239387E800A48D50 /* MyContactsTests.swift */; };
		CC5564EC239387E800A48D50 /* MyContactsUITests.swift in Sources */ = {isa = PBXBuildFile; fileRef = CC5564EB239387E800A48D50 /* MyContactsUITests.swift */; };
		CCAABE6523938DC600620200 /* ContactsListViewController.swift in Sources */ = {isa = PBXBuildFile; fileRef = CCAABE6423938DC600620200 /* ContactsListViewController.swift */; };
		CCAABE872393929900620200 /* Synchronizer.swift in Sources */ = {isa = PBXBuildFile; fileRef = CCAABE802393929900620200 /* Synchronizer.swift */; };
		CCAABE882393929900620200 /* ImageResource.swift in Sources */ = {isa = PBXBuildFile; fileRef = CCAABE822393929900620200 /* ImageResource.swift */; };
		CCAABE892393929900620200 /* NetworkImageAccess.swift in Sources */ = {isa = PBXBuildFile; fileRef = CCAABE832393929900620200 /* NetworkImageAccess.swift */; };
		CCAABE8A2393929900620200 /* ImageAccess.swift in Sources */ = {isa = PBXBuildFile; fileRef = CCAABE842393929900620200 /* ImageAccess.swift */; };
		CCAABE8B2393929900620200 /* SessionDelegate.swift in Sources */ = {isa = PBXBuildFile; fileRef = CCAABE852393929900620200 /* SessionDelegate.swift */; };
		CCAABE8C2393929900620200 /* URLRequest+Convenience.swift in Sources */ = {isa = PBXBuildFile; fileRef = CCAABE862393929900620200 /* URLRequest+Convenience.swift */; };
		CCAABE8E2393940A00620200 /* NetworkConstants.swift in Sources */ = {isa = PBXBuildFile; fileRef = CCAABE8D2393940A00620200 /* NetworkConstants.swift */; };
		CCAABE90239396B600620200 /* Contact.swift in Sources */ = {isa = PBXBuildFile; fileRef = CCAABE8F239396B600620200 /* Contact.swift */; };
		CCAABE92239396DC00620200 /* ContactsListPresenter.swift in Sources */ = {isa = PBXBuildFile; fileRef = CCAABE91239396DC00620200 /* ContactsListPresenter.swift */; };
		CCAABE942393971200620200 /* ContactsListInteractor.swift in Sources */ = {isa = PBXBuildFile; fileRef = CCAABE932393971200620200 /* ContactsListInteractor.swift */; };
		CCAABE962393972900620200 /* ContactsListRouter.swift in Sources */ = {isa = PBXBuildFile; fileRef = CCAABE952393972900620200 /* ContactsListRouter.swift */; };
		CCAABE992393984A00620200 /* ContactsListProtocols.swift in Sources */ = {isa = PBXBuildFile; fileRef = CCAABE982393984A00620200 /* ContactsListProtocols.swift */; };
		CCAABE9E2393B64000620200 /* ContactsListDataSource.swift in Sources */ = {isa = PBXBuildFile; fileRef = CCAABE9D2393B64000620200 /* ContactsListDataSource.swift */; };
		CCAABEA02393B6FC00620200 /* ContactsListRemoteDataManager.swift in Sources */ = {isa = PBXBuildFile; fileRef = CCAABE9F2393B6FC00620200 /* ContactsListRemoteDataManager.swift */; };
		CCAABEA22393B89B00620200 /* ContactsListRemoteDataSource.swift in Sources */ = {isa = PBXBuildFile; fileRef = CCAABEA12393B89B00620200 /* ContactsListRemoteDataSource.swift */; };
		CCAABEA42393B95200620200 /* FetchContactsResource.swift in Sources */ = {isa = PBXBuildFile; fileRef = CCAABEA32393B95200620200 /* FetchContactsResource.swift */; };
		CCAABEA62393D48B00620200 /* ContactTableViewCell.swift in Sources */ = {isa = PBXBuildFile; fileRef = CCAABEA52393D48B00620200 /* ContactTableViewCell.swift */; };
		CCAABEA82393D57200620200 /* ContactViewModel.swift in Sources */ = {isa = PBXBuildFile; fileRef = CCAABEA72393D57200620200 /* ContactViewModel.swift */; };
		CCAABEAA2393F09300620200 /* ContactstListSectionViewModel.swift in Sources */ = {isa = PBXBuildFile; fileRef = CCAABEA92393F09300620200 /* ContactstListSectionViewModel.swift */; };
		CCAABEAD2393FB2C00620200 /* Sequence+Grouping.swift in Sources */ = {isa = PBXBuildFile; fileRef = CCAABEAC2393FB2C00620200 /* Sequence+Grouping.swift */; };
		CCC03E592397DD9D008D59D9 /* ContactDetailsRouter.swift in Sources */ = {isa = PBXBuildFile; fileRef = CCC03E582397DD9D008D59D9 /* ContactDetailsRouter.swift */; };
		CCC03E5B2397DDF7008D59D9 /* ContactDetailsPresenter.swift in Sources */ = {isa = PBXBuildFile; fileRef = CCC03E5A2397DDF7008D59D9 /* ContactDetailsPresenter.swift */; };
		CCC03E5D2397DE26008D59D9 /* ContactDetailsViewController.swift in Sources */ = {isa = PBXBuildFile; fileRef = CCC03E5C2397DE26008D59D9 /* ContactDetailsViewController.swift */; };
		CCC03E5F2397DE56008D59D9 /* ContactDetailsInteractor.swift in Sources */ = {isa = PBXBuildFile; fileRef = CCC03E5E2397DE56008D59D9 /* ContactDetailsInteractor.swift */; };
		CCC03E622397DF56008D59D9 /* ContactDetailsProtocols.swift in Sources */ = {isa = PBXBuildFile; fileRef = CCC03E612397DF56008D59D9 /* ContactDetailsProtocols.swift */; };
		CCC03E642397E081008D59D9 /* ContactDetailsViewModel.swift in Sources */ = {isa = PBXBuildFile; fileRef = CCC03E632397E081008D59D9 /* ContactDetailsViewModel.swift */; };
		CCC03E662397E562008D59D9 /* ContactHeaderInfoViewModel.swift in Sources */ = {isa = PBXBuildFile; fileRef = CCC03E652397E562008D59D9 /* ContactHeaderInfoViewModel.swift */; };
		CCC03E6A2398C422008D59D9 /* ContactsListDataStore.swift in Sources */ = {isa = PBXBuildFile; fileRef = CCC03E692398C422008D59D9 /* ContactsListDataStore.swift */; };
		CCC03E6C2398E142008D59D9 /* ContactDetailsHeaderTableViewCell.swift in Sources */ = {isa = PBXBuildFile; fileRef = CCC03E6B2398E142008D59D9 /* ContactDetailsHeaderTableViewCell.swift */; };
		CCC03E6E2398EEB5008D59D9 /* ContactFormTableViewCell.swift in Sources */ = {isa = PBXBuildFile; fileRef = CCC03E6D2398EEB4008D59D9 /* ContactFormTableViewCell.swift */; };
		CCC03E712398F303008D59D9 /* ContactDetailsDataStore.swift in Sources */ = {isa = PBXBuildFile; fileRef = CCC03E702398F303008D59D9 /* ContactDetailsDataStore.swift */; };
/* End PBXBuildFile section */

/* Begin PBXContainerItemProxy section */
		CC5564DD239387E800A48D50 /* PBXContainerItemProxy */ = {
			isa = PBXContainerItemProxy;
			containerPortal = CC5564BC239387E600A48D50 /* Project object */;
			proxyType = 1;
			remoteGlobalIDString = CC5564C3239387E600A48D50;
			remoteInfo = MyContacts;
		};
		CC5564E8239387E800A48D50 /* PBXContainerItemProxy */ = {
			isa = PBXContainerItemProxy;
			containerPortal = CC5564BC239387E600A48D50 /* Project object */;
			proxyType = 1;
			remoteGlobalIDString = CC5564C3239387E600A48D50;
			remoteInfo = MyContacts;
		};
/* End PBXContainerItemProxy section */

/* Begin PBXFileReference section */
		CC5564C4239387E600A48D50 /* MyContacts.app */ = {isa = PBXFileReference; explicitFileType = wrapper.application; includeInIndex = 0; path = MyContacts.app; sourceTree = BUILT_PRODUCTS_DIR; };
		CC5564C7239387E600A48D50 /* AppDelegate.swift */ = {isa = PBXFileReference; lastKnownFileType = sourcecode.swift; path = AppDelegate.swift; sourceTree = "<group>"; };
		CC5564C9239387E600A48D50 /* SceneDelegate.swift */ = {isa = PBXFileReference; lastKnownFileType = sourcecode.swift; path = SceneDelegate.swift; sourceTree = "<group>"; };
		CC5564D0239387E600A48D50 /* Base */ = {isa = PBXFileReference; lastKnownFileType = file.storyboard; name = Base; path = Base.lproj/Main.storyboard; sourceTree = "<group>"; };
		CC5564D2239387E800A48D50 /* Assets.xcassets */ = {isa = PBXFileReference; lastKnownFileType = folder.assetcatalog; path = Assets.xcassets; sourceTree = "<group>"; };
		CC5564D5239387E800A48D50 /* Base */ = {isa = PBXFileReference; lastKnownFileType = file.storyboard; name = Base; path = Base.lproj/LaunchScreen.storyboard; sourceTree = "<group>"; };
		CC5564D7239387E800A48D50 /* Info.plist */ = {isa = PBXFileReference; lastKnownFileType = text.plist.xml; path = Info.plist; sourceTree = "<group>"; };
		CC5564DC239387E800A48D50 /* MyContactsTests.xctest */ = {isa = PBXFileReference; explicitFileType = wrapper.cfbundle; includeInIndex = 0; path = MyContactsTests.xctest; sourceTree = BUILT_PRODUCTS_DIR; };
		CC5564E0239387E800A48D50 /* MyContactsTests.swift */ = {isa = PBXFileReference; lastKnownFileType = sourcecode.swift; path = MyContactsTests.swift; sourceTree = "<group>"; };
		CC5564E2239387E800A48D50 /* Info.plist */ = {isa = PBXFileReference; lastKnownFileType = text.plist.xml; path = Info.plist; sourceTree = "<group>"; };
		CC5564E7239387E800A48D50 /* MyContactsUITests.xctest */ = {isa = PBXFileReference; explicitFileType = wrapper.cfbundle; includeInIndex = 0; path = MyContactsUITests.xctest; sourceTree = BUILT_PRODUCTS_DIR; };
		CC5564EB239387E800A48D50 /* MyContactsUITests.swift */ = {isa = PBXFileReference; lastKnownFileType = sourcecode.swift; path = MyContactsUITests.swift; sourceTree = "<group>"; };
		CC5564ED239387E800A48D50 /* Info.plist */ = {isa = PBXFileReference; lastKnownFileType = text.plist.xml; path = Info.plist; sourceTree = "<group>"; };
		CCAABE6423938DC600620200 /* ContactsListViewController.swift */ = {isa = PBXFileReference; fileEncoding = 4; lastKnownFileType = sourcecode.swift; path = ContactsListViewController.swift; sourceTree = "<group>"; };
		CCAABE802393929900620200 /* Synchronizer.swift */ = {isa = PBXFileReference; fileEncoding = 4; lastKnownFileType = sourcecode.swift; path = Synchronizer.swift; sourceTree = "<group>"; };
		CCAABE822393929900620200 /* ImageResource.swift */ = {isa = PBXFileReference; fileEncoding = 4; lastKnownFileType = sourcecode.swift; path = ImageResource.swift; sourceTree = "<group>"; };
		CCAABE832393929900620200 /* NetworkImageAccess.swift */ = {isa = PBXFileReference; fileEncoding = 4; lastKnownFileType = sourcecode.swift; path = NetworkImageAccess.swift; sourceTree = "<group>"; };
		CCAABE842393929900620200 /* ImageAccess.swift */ = {isa = PBXFileReference; fileEncoding = 4; lastKnownFileType = sourcecode.swift; path = ImageAccess.swift; sourceTree = "<group>"; };
		CCAABE852393929900620200 /* SessionDelegate.swift */ = {isa = PBXFileReference; fileEncoding = 4; lastKnownFileType = sourcecode.swift; path = SessionDelegate.swift; sourceTree = "<group>"; };
		CCAABE862393929900620200 /* URLRequest+Convenience.swift */ = {isa = PBXFileReference; fileEncoding = 4; lastKnownFileType = sourcecode.swift; path = "URLRequest+Convenience.swift"; sourceTree = "<group>"; };
		CCAABE8D2393940A00620200 /* NetworkConstants.swift */ = {isa = PBXFileReference; lastKnownFileType = sourcecode.swift; path = NetworkConstants.swift; sourceTree = "<group>"; };
		CCAABE8F239396B600620200 /* Contact.swift */ = {isa = PBXFileReference; lastKnownFileType = sourcecode.swift; path = Contact.swift; sourceTree = "<group>"; };
		CCAABE91239396DC00620200 /* ContactsListPresenter.swift */ = {isa = PBXFileReference; lastKnownFileType = sourcecode.swift; path = ContactsListPresenter.swift; sourceTree = "<group>"; };
		CCAABE932393971200620200 /* ContactsListInteractor.swift */ = {isa = PBXFileReference; lastKnownFileType = sourcecode.swift; path = ContactsListInteractor.swift; sourceTree = "<group>"; };
		CCAABE952393972900620200 /* ContactsListRouter.swift */ = {isa = PBXFileReference; lastKnownFileType = sourcecode.swift; path = ContactsListRouter.swift; sourceTree = "<group>"; };
		CCAABE982393984A00620200 /* ContactsListProtocols.swift */ = {isa = PBXFileReference; lastKnownFileType = sourcecode.swift; path = ContactsListProtocols.swift; sourceTree = "<group>"; };
		CCAABE9D2393B64000620200 /* ContactsListDataSource.swift */ = {isa = PBXFileReference; lastKnownFileType = sourcecode.swift; path = ContactsListDataSource.swift; sourceTree = "<group>"; };
		CCAABE9F2393B6FC00620200 /* ContactsListRemoteDataManager.swift */ = {isa = PBXFileReference; fileEncoding = 4; lastKnownFileType = sourcecode.swift; path = ContactsListRemoteDataManager.swift; sourceTree = "<group>"; };
		CCAABEA12393B89B00620200 /* ContactsListRemoteDataSource.swift */ = {isa = PBXFileReference; lastKnownFileType = sourcecode.swift; path = ContactsListRemoteDataSource.swift; sourceTree = "<group>"; };
		CCAABEA32393B95200620200 /* FetchContactsResource.swift */ = {isa = PBXFileReference; lastKnownFileType = sourcecode.swift; path = FetchContactsResource.swift; sourceTree = "<group>"; };
		CCAABEA52393D48B00620200 /* ContactTableViewCell.swift */ = {isa = PBXFileReference; lastKnownFileType = sourcecode.swift; path = ContactTableViewCell.swift; sourceTree = "<group>"; };
		CCAABEA72393D57200620200 /* ContactViewModel.swift */ = {isa = PBXFileReference; lastKnownFileType = sourcecode.swift; path = ContactViewModel.swift; sourceTree = "<group>"; };
		CCAABEA92393F09300620200 /* ContactstListSectionViewModel.swift */ = {isa = PBXFileReference; lastKnownFileType = sourcecode.swift; path = ContactstListSectionViewModel.swift; sourceTree = "<group>"; };
		CCAABEAC2393FB2C00620200 /* Sequence+Grouping.swift */ = {isa = PBXFileReference; lastKnownFileType = sourcecode.swift; path = "Sequence+Grouping.swift"; sourceTree = "<group>"; };
		CCC03E582397DD9D008D59D9 /* ContactDetailsRouter.swift */ = {isa = PBXFileReference; lastKnownFileType = sourcecode.swift; path = ContactDetailsRouter.swift; sourceTree = "<group>"; };
		CCC03E5A2397DDF7008D59D9 /* ContactDetailsPresenter.swift */ = {isa = PBXFileReference; lastKnownFileType = sourcecode.swift; path = ContactDetailsPresenter.swift; sourceTree = "<group>"; };
		CCC03E5C2397DE26008D59D9 /* ContactDetailsViewController.swift */ = {isa = PBXFileReference; fileEncoding = 4; lastKnownFileType = sourcecode.swift; path = ContactDetailsViewController.swift; sourceTree = "<group>"; };
		CCC03E5E2397DE56008D59D9 /* ContactDetailsInteractor.swift */ = {isa = PBXFileReference; lastKnownFileType = sourcecode.swift; path = ContactDetailsInteractor.swift; sourceTree = "<group>"; };
		CCC03E612397DF56008D59D9 /* ContactDetailsProtocols.swift */ = {isa = PBXFileReference; lastKnownFileType = sourcecode.swift; path = ContactDetailsProtocols.swift; sourceTree = "<group>"; };
		CCC03E632397E081008D59D9 /* ContactDetailsViewModel.swift */ = {isa = PBXFileReference; lastKnownFileType = sourcecode.swift; path = ContactDetailsViewModel.swift; sourceTree = "<group>"; };
		CCC03E652397E562008D59D9 /* ContactHeaderInfoViewModel.swift */ = {isa = PBXFileReference; lastKnownFileType = sourcecode.swift; path = ContactHeaderInfoViewModel.swift; sourceTree = "<group>"; };
		CCC03E692398C422008D59D9 /* ContactsListDataStore.swift */ = {isa = PBXFileReference; lastKnownFileType = sourcecode.swift; path = ContactsListDataStore.swift; sourceTree = "<group>"; };
		CCC03E6B2398E142008D59D9 /* ContactDetailsHeaderTableViewCell.swift */ = {isa = PBXFileReference; lastKnownFileType = sourcecode.swift; path = ContactDetailsHeaderTableViewCell.swift; sourceTree = "<group>"; };
		CCC03E6D2398EEB4008D59D9 /* ContactFormTableViewCell.swift */ = {isa = PBXFileReference; lastKnownFileType = sourcecode.swift; path = ContactFormTableViewCell.swift; sourceTree = "<group>"; };
		CCC03E702398F303008D59D9 /* ContactDetailsDataStore.swift */ = {isa = PBXFileReference; lastKnownFileType = sourcecode.swift; path = ContactDetailsDataStore.swift; sourceTree = "<group>"; };
/* End PBXFileReference section */

/* Begin PBXFrameworksBuildPhase section */
		CC5564C1239387E600A48D50 /* Frameworks */ = {
			isa = PBXFrameworksBuildPhase;
			buildActionMask = 2147483647;
			files = (
			);
			runOnlyForDeploymentPostprocessing = 0;
		};
		CC5564D9239387E800A48D50 /* Frameworks */ = {
			isa = PBXFrameworksBuildPhase;
			buildActionMask = 2147483647;
			files = (
			);
			runOnlyForDeploymentPostprocessing = 0;
		};
		CC5564E4239387E800A48D50 /* Frameworks */ = {
			isa = PBXFrameworksBuildPhase;
			buildActionMask = 2147483647;
			files = (
			);
			runOnlyForDeploymentPostprocessing = 0;
		};
/* End PBXFrameworksBuildPhase section */

/* Begin PBXGroup section */
		CC5564BB239387E600A48D50 = {
			isa = PBXGroup;
			children = (
				CC5564C6239387E600A48D50 /* MyContacts */,
				CC5564DF239387E800A48D50 /* MyContactsTests */,
				CC5564EA239387E800A48D50 /* MyContactsUITests */,
				CC5564C5239387E600A48D50 /* Products */,
			);
			sourceTree = "<group>";
		};
		CC5564C5239387E600A48D50 /* Products */ = {
			isa = PBXGroup;
			children = (
				CC5564C4239387E600A48D50 /* MyContacts.app */,
				CC5564DC239387E800A48D50 /* MyContactsTests.xctest */,
				CC5564E7239387E800A48D50 /* MyContactsUITests.xctest */,
			);
			name = Products;
			sourceTree = "<group>";
		};
		CC5564C6239387E600A48D50 /* MyContacts */ = {
			isa = PBXGroup;
			children = (
				CCAABEAB2393FB0A00620200 /* Utils */,
				CCAABE7F2393929900620200 /* NetworkLayer */,
				CCAABE5323938D3F00620200 /* Scenes */,
				CC5564C7239387E600A48D50 /* AppDelegate.swift */,
				CC5564C9239387E600A48D50 /* SceneDelegate.swift */,
				CC5564CF239387E600A48D50 /* Main.storyboard */,
				CC5564D2239387E800A48D50 /* Assets.xcassets */,
				CC5564D4239387E800A48D50 /* LaunchScreen.storyboard */,
				CC5564D7239387E800A48D50 /* Info.plist */,
			);
			path = MyContacts;
			sourceTree = "<group>";
		};
		CC5564DF239387E800A48D50 /* MyContactsTests */ = {
			isa = PBXGroup;
			children = (
				CC5564E0239387E800A48D50 /* MyContactsTests.swift */,
				CC5564E2239387E800A48D50 /* Info.plist */,
			);
			path = MyContactsTests;
			sourceTree = "<group>";
		};
		CC5564EA239387E800A48D50 /* MyContactsUITests */ = {
			isa = PBXGroup;
			children = (
				CC5564EB239387E800A48D50 /* MyContactsUITests.swift */,
				CC5564ED239387E800A48D50 /* Info.plist */,
			);
			path = MyContactsUITests;
			sourceTree = "<group>";
		};
		CCAABE5323938D3F00620200 /* Scenes */ = {
			isa = PBXGroup;
			children = (
				CCAABE5423938D3F00620200 /* ContactsList */,
				CCAABE5B23938D3F00620200 /* ContactDetails */,
			);
			path = Scenes;
			sourceTree = "<group>";
		};
		CCAABE5423938D3F00620200 /* ContactsList */ = {
			isa = PBXGroup;
			children = (
				CCAABE9C2393B49D00620200 /* DataManager */,
				CCAABE972393983200620200 /* Protocols */,
				CCAABE5523938D3F00620200 /* Entity */,
				CCAABE5623938D3F00620200 /* Presenter */,
				CCAABE5723938D3F00620200 /* View */,
				CCAABE5923938D3F00620200 /* Interactor */,
				CCAABE5A23938D3F00620200 /* Router */,
			);
			path = ContactsList;
			sourceTree = "<group>";
		};
		CCAABE5523938D3F00620200 /* Entity */ = {
			isa = PBXGroup;
			children = (
				CCAABE8F239396B600620200 /* Contact.swift */,
				CCAABEA72393D57200620200 /* ContactViewModel.swift */,
				CCAABEA92393F09300620200 /* ContactstListSectionViewModel.swift */,
			);
			path = Entity;
			sourceTree = "<group>";
		};
		CCAABE5623938D3F00620200 /* Presenter */ = {
			isa = PBXGroup;
			children = (
				CCAABE91239396DC00620200 /* ContactsListPresenter.swift */,
			);
			path = Presenter;
			sourceTree = "<group>";
		};
		CCAABE5723938D3F00620200 /* View */ = {
			isa = PBXGroup;
			children = (
				CCAABE6423938DC600620200 /* ContactsListViewController.swift */,
				CCAABEA52393D48B00620200 /* ContactTableViewCell.swift */,
			);
			path = View;
			sourceTree = "<group>";
		};
		CCAABE5923938D3F00620200 /* Interactor */ = {
			isa = PBXGroup;
			children = (
				CCAABE932393971200620200 /* ContactsListInteractor.swift */,
			);
			path = Interactor;
			sourceTree = "<group>";
		};
		CCAABE5A23938D3F00620200 /* Router */ = {
			isa = PBXGroup;
			children = (
				CCAABE952393972900620200 /* ContactsListRouter.swift */,
			);
			path = Router;
			sourceTree = "<group>";
		};
		CCAABE5B23938D3F00620200 /* ContactDetails */ = {
			isa = PBXGroup;
			children = (
				CCC03E6F2398F2F1008D59D9 /* DataManager */,
				CCC03E602397DF4A008D59D9 /* Protocols */,
				CCAABE5C23938D3F00620200 /* Entity */,
				CCAABE5D23938D3F00620200 /* Presenter */,
				CCAABE5E23938D3F00620200 /* View */,
				CCAABE6023938D3F00620200 /* Interactor */,
				CCAABE6123938D3F00620200 /* Router */,
			);
			path = ContactDetails;
			sourceTree = "<group>";
		};
		CCAABE5C23938D3F00620200 /* Entity */ = {
			isa = PBXGroup;
			children = (
				CCC03E632397E081008D59D9 /* ContactDetailsViewModel.swift */,
				CCC03E652397E562008D59D9 /* ContactHeaderInfoViewModel.swift */,
			);
			path = Entity;
			sourceTree = "<group>";
		};
		CCAABE5D23938D3F00620200 /* Presenter */ = {
			isa = PBXGroup;
			children = (
				CCC03E5A2397DDF7008D59D9 /* ContactDetailsPresenter.swift */,
			);
			path = Presenter;
			sourceTree = "<group>";
		};
		CCAABE5E23938D3F00620200 /* View */ = {
			isa = PBXGroup;
			children = (
				CCC03E5C2397DE26008D59D9 /* ContactDetailsViewController.swift */,
				CCC03E6B2398E142008D59D9 /* ContactDetailsHeaderTableViewCell.swift */,
				CCC03E6D2398EEB4008D59D9 /* ContactFormTableViewCell.swift */,
			);
			path = View;
			sourceTree = "<group>";
		};
		CCAABE6023938D3F00620200 /* Interactor */ = {
			isa = PBXGroup;
			children = (
				CCC03E5E2397DE56008D59D9 /* ContactDetailsInteractor.swift */,
			);
			path = Interactor;
			sourceTree = "<group>";
		};
		CCAABE6123938D3F00620200 /* Router */ = {
			isa = PBXGroup;
			children = (
				CCC03E582397DD9D008D59D9 /* ContactDetailsRouter.swift */,
			);
			path = Router;
			sourceTree = "<group>";
		};
		CCAABE7F2393929900620200 /* NetworkLayer */ = {
			isa = PBXGroup;
			children = (
				CCAABE802393929900620200 /* Synchronizer.swift */,
				CCAABE812393929900620200 /* ImageDownload */,
				CCAABE852393929900620200 /* SessionDelegate.swift */,
				CCAABE862393929900620200 /* URLRequest+Convenience.swift */,
				CCAABE8D2393940A00620200 /* NetworkConstants.swift */,
			);
			path = NetworkLayer;
			sourceTree = "<group>";
		};
		CCAABE812393929900620200 /* ImageDownload */ = {
			isa = PBXGroup;
			children = (
				CCAABE822393929900620200 /* ImageResource.swift */,
				CCAABE832393929900620200 /* NetworkImageAccess.swift */,
				CCAABE842393929900620200 /* ImageAccess.swift */,
			);
			path = ImageDownload;
			sourceTree = "<group>";
		};
		CCAABE972393983200620200 /* Protocols */ = {
			isa = PBXGroup;
			children = (
				CCAABE982393984A00620200 /* ContactsListProtocols.swift */,
			);
			path = Protocols;
			sourceTree = "<group>";
		};
		CCAABE9C2393B49D00620200 /* DataManager */ = {
			isa = PBXGroup;
			children = (
				CCAABE9F2393B6FC00620200 /* ContactsListRemoteDataManager.swift */,
				CCAABE9D2393B64000620200 /* ContactsListDataSource.swift */,
				CCAABEA12393B89B00620200 /* ContactsListRemoteDataSource.swift */,
				CCAABEA32393B95200620200 /* FetchContactsResource.swift */,
				CCC03E692398C422008D59D9 /* ContactsListDataStore.swift */,
			);
			path = DataManager;
			sourceTree = "<group>";
		};
		CCAABEAB2393FB0A00620200 /* Utils */ = {
			isa = PBXGroup;
			children = (
				CCAABEAC2393FB2C00620200 /* Sequence+Grouping.swift */,
			);
			path = Utils;
			sourceTree = "<group>";
		};
		CCC03E602397DF4A008D59D9 /* Protocols */ = {
			isa = PBXGroup;
			children = (
				CCC03E612397DF56008D59D9 /* ContactDetailsProtocols.swift */,
			);
			path = Protocols;
			sourceTree = "<group>";
		};
		CCC03E6F2398F2F1008D59D9 /* DataManager */ = {
			isa = PBXGroup;
			children = (
				CCC03E702398F303008D59D9 /* ContactDetailsDataStore.swift */,
			);
			path = DataManager;
			sourceTree = "<group>";
		};
/* End PBXGroup section */

/* Begin PBXNativeTarget section */
		CC5564C3239387E600A48D50 /* MyContacts */ = {
			isa = PBXNativeTarget;
			buildConfigurationList = CC5564F0239387E800A48D50 /* Build configuration list for PBXNativeTarget "MyContacts" */;
			buildPhases = (
				CC5564C0239387E600A48D50 /* Sources */,
				CC5564C1239387E600A48D50 /* Frameworks */,
				CC5564C2239387E600A48D50 /* Resources */,
			);
			buildRules = (
			);
			dependencies = (
			);
			name = MyContacts;
			productName = MyContacts;
			productReference = CC5564C4239387E600A48D50 /* MyContacts.app */;
			productType = "com.apple.product-type.application";
		};
		CC5564DB239387E800A48D50 /* MyContactsTests */ = {
			isa = PBXNativeTarget;
			buildConfigurationList = CC5564F3239387E800A48D50 /* Build configuration list for PBXNativeTarget "MyContactsTests" */;
			buildPhases = (
				CC5564D8239387E800A48D50 /* Sources */,
				CC5564D9239387E800A48D50 /* Frameworks */,
				CC5564DA239387E800A48D50 /* Resources */,
			);
			buildRules = (
			);
			dependencies = (
				CC5564DE239387E800A48D50 /* PBXTargetDependency */,
			);
			name = MyContactsTests;
			productName = MyContactsTests;
			productReference = CC5564DC239387E800A48D50 /* MyContactsTests.xctest */;
			productType = "com.apple.product-type.bundle.unit-test";
		};
		CC5564E6239387E800A48D50 /* MyContactsUITests */ = {
			isa = PBXNativeTarget;
			buildConfigurationList = CC5564F6239387E800A48D50 /* Build configuration list for PBXNativeTarget "MyContactsUITests" */;
			buildPhases = (
				CC5564E3239387E800A48D50 /* Sources */,
				CC5564E4239387E800A48D50 /* Frameworks */,
				CC5564E5239387E800A48D50 /* Resources */,
			);
			buildRules = (
			);
			dependencies = (
				CC5564E9239387E800A48D50 /* PBXTargetDependency */,
			);
			name = MyContactsUITests;
			productName = MyContactsUITests;
			productReference = CC5564E7239387E800A48D50 /* MyContactsUITests.xctest */;
			productType = "com.apple.product-type.bundle.ui-testing";
		};
/* End PBXNativeTarget section */

/* Begin PBXProject section */
		CC5564BC239387E600A48D50 /* Project object */ = {
			isa = PBXProject;
			attributes = {
				LastSwiftUpdateCheck = 1110;
				LastUpgradeCheck = 1110;
				ORGANIZATIONNAME = "Mustafa Saify";
				TargetAttributes = {
					CC5564C3239387E600A48D50 = {
						CreatedOnToolsVersion = 11.1;
					};
					CC5564DB239387E800A48D50 = {
						CreatedOnToolsVersion = 11.1;
						TestTargetID = CC5564C3239387E600A48D50;
					};
					CC5564E6239387E800A48D50 = {
						CreatedOnToolsVersion = 11.1;
						TestTargetID = CC5564C3239387E600A48D50;
					};
				};
			};
			buildConfigurationList = CC5564BF239387E600A48D50 /* Build configuration list for PBXProject "MyContacts" */;
			compatibilityVersion = "Xcode 9.3";
			developmentRegion = en;
			hasScannedForEncodings = 0;
			knownRegions = (
				en,
				Base,
			);
			mainGroup = CC5564BB239387E600A48D50;
			productRefGroup = CC5564C5239387E600A48D50 /* Products */;
			projectDirPath = "";
			projectRoot = "";
			targets = (
				CC5564C3239387E600A48D50 /* MyContacts */,
				CC5564DB239387E800A48D50 /* MyContactsTests */,
				CC5564E6239387E800A48D50 /* MyContactsUITests */,
			);
		};
/* End PBXProject section */

/* Begin PBXResourcesBuildPhase section */
		CC5564C2239387E600A48D50 /* Resources */ = {
			isa = PBXResourcesBuildPhase;
			buildActionMask = 2147483647;
			files = (
				CC5564D6239387E800A48D50 /* LaunchScreen.storyboard in Resources */,
				CC5564D3239387E800A48D50 /* Assets.xcassets in Resources */,
				CC5564D1239387E600A48D50 /* Main.storyboard in Resources */,
			);
			runOnlyForDeploymentPostprocessing = 0;
		};
		CC5564DA239387E800A48D50 /* Resources */ = {
			isa = PBXResourcesBuildPhase;
			buildActionMask = 2147483647;
			files = (
			);
			runOnlyForDeploymentPostprocessing = 0;
		};
		CC5564E5239387E800A48D50 /* Resources */ = {
			isa = PBXResourcesBuildPhase;
			buildActionMask = 2147483647;
			files = (
			);
			runOnlyForDeploymentPostprocessing = 0;
		};
/* End PBXResourcesBuildPhase section */

/* Begin PBXSourcesBuildPhase section */
		CC5564C0239387E600A48D50 /* Sources */ = {
			isa = PBXSourcesBuildPhase;
			buildActionMask = 2147483647;
			files = (
				CCC03E6C2398E142008D59D9 /* ContactDetailsHeaderTableViewCell.swift in Sources */,
				CCAABE90239396B600620200 /* Contact.swift in Sources */,
				CCAABEA82393D57200620200 /* ContactViewModel.swift in Sources */,
				CCC03E662397E562008D59D9 /* ContactHeaderInfoViewModel.swift in Sources */,
				CCC03E5D2397DE26008D59D9 /* ContactDetailsViewController.swift in Sources */,
				CC5564C8239387E600A48D50 /* AppDelegate.swift in Sources */,
				CCAABE8A2393929900620200 /* ImageAccess.swift in Sources */,
				CCAABE9E2393B64000620200 /* ContactsListDataSource.swift in Sources */,
				CCAABE8E2393940A00620200 /* NetworkConstants.swift in Sources */,
				CCAABE882393929900620200 /* ImageResource.swift in Sources */,
				CCAABE8B2393929900620200 /* SessionDelegate.swift in Sources */,
				CCC03E712398F303008D59D9 /* ContactDetailsDataStore.swift in Sources */,
				CCAABE992393984A00620200 /* ContactsListProtocols.swift in Sources */,
				CCAABE872393929900620200 /* Synchronizer.swift in Sources */,
				CCC03E592397DD9D008D59D9 /* ContactDetailsRouter.swift in Sources */,
				CCAABE962393972900620200 /* ContactsListRouter.swift in Sources */,
				CCAABE892393929900620200 /* NetworkImageAccess.swift in Sources */,
				CCAABEAA2393F09300620200 /* ContactstListSectionViewModel.swift in Sources */,
				CCC03E5F2397DE56008D59D9 /* ContactDetailsInteractor.swift in Sources */,
				CCAABE92239396DC00620200 /* ContactsListPresenter.swift in Sources */,
				CC5564CA239387E600A48D50 /* SceneDelegate.swift in Sources */,
				CCC03E642397E081008D59D9 /* ContactDetailsViewModel.swift in Sources */,
				CCAABEA22393B89B00620200 /* ContactsListRemoteDataSource.swift in Sources */,
				CCAABE8C2393929900620200 /* URLRequest+Convenience.swift in Sources */,
				CCAABEAD2393FB2C00620200 /* Sequence+Grouping.swift in Sources */,
				CCAABE942393971200620200 /* ContactsListInteractor.swift in Sources */,
				CCAABEA42393B95200620200 /* FetchContactsResource.swift in Sources */,
				CCC03E622397DF56008D59D9 /* ContactDetailsProtocols.swift in Sources */,
				CCC03E6A2398C422008D59D9 /* ContactsListDataStore.swift in Sources */,
				CCAABE6523938DC600620200 /* ContactsListViewController.swift in Sources */,
				CCC03E6E2398EEB5008D59D9 /* ContactFormTableViewCell.swift in Sources */,
				CCC03E5B2397DDF7008D59D9 /* ContactDetailsPresenter.swift in Sources */,
				CCAABEA62393D48B00620200 /* ContactTableViewCell.swift in Sources */,
				CCAABEA02393B6FC00620200 /* ContactsListRemoteDataManager.swift in Sources */,
			);
			runOnlyForDeploymentPostprocessing = 0;
		};
		CC5564D8239387E800A48D50 /* Sources */ = {
			isa = PBXSourcesBuildPhase;
			buildActionMask = 2147483647;
			files = (
				CC5564E1239387E800A48D50 /* MyContactsTests.swift in Sources */,
			);
			runOnlyForDeploymentPostprocessing = 0;
		};
		CC5564E3239387E800A48D50 /* Sources */ = {
			isa = PBXSourcesBuildPhase;
			buildActionMask = 2147483647;
			files = (
				CC5564EC239387E800A48D50 /* MyContactsUITests.swift in Sources */,
			);
			runOnlyForDeploymentPostprocessing = 0;
		};
/* End PBXSourcesBuildPhase section */

/* Begin PBXTargetDependency section */
		CC5564DE239387E800A48D50 /* PBXTargetDependency */ = {
			isa = PBXTargetDependency;
			target = CC5564C3239387E600A48D50 /* MyContacts */;
			targetProxy = CC5564DD239387E800A48D50 /* PBXContainerItemProxy */;
		};
		CC5564E9239387E800A48D50 /* PBXTargetDependency */ = {
			isa = PBXTargetDependency;
			target = CC5564C3239387E600A48D50 /* MyContacts */;
			targetProxy = CC5564E8239387E800A48D50 /* PBXContainerItemProxy */;
		};
/* End PBXTargetDependency section */

/* Begin PBXVariantGroup section */
		CC5564CF239387E600A48D50 /* Main.storyboard */ = {
			isa = PBXVariantGroup;
			children = (
				CC5564D0239387E600A48D50 /* Base */,
			);
			name = Main.storyboard;
			sourceTree = "<group>";
		};
		CC5564D4239387E800A48D50 /* LaunchScreen.storyboard */ = {
			isa = PBXVariantGroup;
			children = (
				CC5564D5239387E800A48D50 /* Base */,
			);
			name = LaunchScreen.storyboard;
			sourceTree = "<group>";
		};
/* End PBXVariantGroup section */

/* Begin XCBuildConfiguration section */
		CC5564EE239387E800A48D50 /* Debug */ = {
			isa = XCBuildConfiguration;
			buildSettings = {
				ALWAYS_SEARCH_USER_PATHS = NO;
				CLANG_ANALYZER_NONNULL = YES;
				CLANG_ANALYZER_NUMBER_OBJECT_CONVERSION = YES_AGGRESSIVE;
				CLANG_CXX_LANGUAGE_STANDARD = "gnu++14";
				CLANG_CXX_LIBRARY = "libc++";
				CLANG_ENABLE_MODULES = YES;
				CLANG_ENABLE_OBJC_ARC = YES;
				CLANG_ENABLE_OBJC_WEAK = YES;
				CLANG_WARN_BLOCK_CAPTURE_AUTORELEASING = YES;
				CLANG_WARN_BOOL_CONVERSION = YES;
				CLANG_WARN_COMMA = YES;
				CLANG_WARN_CONSTANT_CONVERSION = YES;
				CLANG_WARN_DEPRECATED_OBJC_IMPLEMENTATIONS = YES;
				CLANG_WARN_DIRECT_OBJC_ISA_USAGE = YES_ERROR;
				CLANG_WARN_DOCUMENTATION_COMMENTS = YES;
				CLANG_WARN_EMPTY_BODY = YES;
				CLANG_WARN_ENUM_CONVERSION = YES;
				CLANG_WARN_INFINITE_RECURSION = YES;
				CLANG_WARN_INT_CONVERSION = YES;
				CLANG_WARN_NON_LITERAL_NULL_CONVERSION = YES;
				CLANG_WARN_OBJC_IMPLICIT_RETAIN_SELF = YES;
				CLANG_WARN_OBJC_LITERAL_CONVERSION = YES;
				CLANG_WARN_OBJC_ROOT_CLASS = YES_ERROR;
				CLANG_WARN_RANGE_LOOP_ANALYSIS = YES;
				CLANG_WARN_STRICT_PROTOTYPES = YES;
				CLANG_WARN_SUSPICIOUS_MOVE = YES;
				CLANG_WARN_UNGUARDED_AVAILABILITY = YES_AGGRESSIVE;
				CLANG_WARN_UNREACHABLE_CODE = YES;
				CLANG_WARN__DUPLICATE_METHOD_MATCH = YES;
				COPY_PHASE_STRIP = NO;
				DEBUG_INFORMATION_FORMAT = dwarf;
				ENABLE_STRICT_OBJC_MSGSEND = YES;
				ENABLE_TESTABILITY = YES;
				GCC_C_LANGUAGE_STANDARD = gnu11;
				GCC_DYNAMIC_NO_PIC = NO;
				GCC_NO_COMMON_BLOCKS = YES;
				GCC_OPTIMIZATION_LEVEL = 0;
				GCC_PREPROCESSOR_DEFINITIONS = (
					"DEBUG=1",
					"$(inherited)",
				);
				GCC_WARN_64_TO_32_BIT_CONVERSION = YES;
				GCC_WARN_ABOUT_RETURN_TYPE = YES_ERROR;
				GCC_WARN_UNDECLARED_SELECTOR = YES;
				GCC_WARN_UNINITIALIZED_AUTOS = YES_AGGRESSIVE;
				GCC_WARN_UNUSED_FUNCTION = YES;
				GCC_WARN_UNUSED_VARIABLE = YES;
				IPHONEOS_DEPLOYMENT_TARGET = 13.1;
				MTL_ENABLE_DEBUG_INFO = INCLUDE_SOURCE;
				MTL_FAST_MATH = YES;
				ONLY_ACTIVE_ARCH = YES;
				SDKROOT = iphoneos;
				SWIFT_ACTIVE_COMPILATION_CONDITIONS = DEBUG;
				SWIFT_OPTIMIZATION_LEVEL = "-Onone";
			};
			name = Debug;
		};
		CC5564EF239387E800A48D50 /* Release */ = {
			isa = XCBuildConfiguration;
			buildSettings = {
				ALWAYS_SEARCH_USER_PATHS = NO;
				CLANG_ANALYZER_NONNULL = YES;
				CLANG_ANALYZER_NUMBER_OBJECT_CONVERSION = YES_AGGRESSIVE;
				CLANG_CXX_LANGUAGE_STANDARD = "gnu++14";
				CLANG_CXX_LIBRARY = "libc++";
				CLANG_ENABLE_MODULES = YES;
				CLANG_ENABLE_OBJC_ARC = YES;
				CLANG_ENABLE_OBJC_WEAK = YES;
				CLANG_WARN_BLOCK_CAPTURE_AUTORELEASING = YES;
				CLANG_WARN_BOOL_CONVERSION = YES;
				CLANG_WARN_COMMA = YES;
				CLANG_WARN_CONSTANT_CONVERSION = YES;
				CLANG_WARN_DEPRECATED_OBJC_IMPLEMENTATIONS = YES;
				CLANG_WARN_DIRECT_OBJC_ISA_USAGE = YES_ERROR;
				CLANG_WARN_DOCUMENTATION_COMMENTS = YES;
				CLANG_WARN_EMPTY_BODY = YES;
				CLANG_WARN_ENUM_CONVERSION = YES;
				CLANG_WARN_INFINITE_RECURSION = YES;
				CLANG_WARN_INT_CONVERSION = YES;
				CLANG_WARN_NON_LITERAL_NULL_CONVERSION = YES;
				CLANG_WARN_OBJC_IMPLICIT_RETAIN_SELF = YES;
				CLANG_WARN_OBJC_LITERAL_CONVERSION = YES;
				CLANG_WARN_OBJC_ROOT_CLASS = YES_ERROR;
				CLANG_WARN_RANGE_LOOP_ANALYSIS = YES;
				CLANG_WARN_STRICT_PROTOTYPES = YES;
				CLANG_WARN_SUSPICIOUS_MOVE = YES;
				CLANG_WARN_UNGUARDED_AVAILABILITY = YES_AGGRESSIVE;
				CLANG_WARN_UNREACHABLE_CODE = YES;
				CLANG_WARN__DUPLICATE_METHOD_MATCH = YES;
				COPY_PHASE_STRIP = NO;
				DEBUG_INFORMATION_FORMAT = "dwarf-with-dsym";
				ENABLE_NS_ASSERTIONS = NO;
				ENABLE_STRICT_OBJC_MSGSEND = YES;
				GCC_C_LANGUAGE_STANDARD = gnu11;
				GCC_NO_COMMON_BLOCKS = YES;
				GCC_WARN_64_TO_32_BIT_CONVERSION = YES;
				GCC_WARN_ABOUT_RETURN_TYPE = YES_ERROR;
				GCC_WARN_UNDECLARED_SELECTOR = YES;
				GCC_WARN_UNINITIALIZED_AUTOS = YES_AGGRESSIVE;
				GCC_WARN_UNUSED_FUNCTION = YES;
				GCC_WARN_UNUSED_VARIABLE = YES;
				IPHONEOS_DEPLOYMENT_TARGET = 13.1;
				MTL_ENABLE_DEBUG_INFO = NO;
				MTL_FAST_MATH = YES;
				SDKROOT = iphoneos;
				SWIFT_COMPILATION_MODE = wholemodule;
				SWIFT_OPTIMIZATION_LEVEL = "-O";
				VALIDATE_PRODUCT = YES;
			};
			name = Release;
		};
		CC5564F1239387E800A48D50 /* Debug */ = {
			isa = XCBuildConfiguration;
			buildSettings = {
				ASSETCATALOG_COMPILER_APPICON_NAME = AppIcon;
				CODE_SIGN_STYLE = Automatic;
				DEVELOPMENT_TEAM = KV9HGV245U;
				INFOPLIST_FILE = MyContacts/Info.plist;
				LD_RUNPATH_SEARCH_PATHS = (
					"$(inherited)",
					"@executable_path/Frameworks",
				);
				PRODUCT_BUNDLE_IDENTIFIER = Mustafa.MyContacts;
				PRODUCT_NAME = "$(TARGET_NAME)";
				SWIFT_VERSION = 5.0;
				TARGETED_DEVICE_FAMILY = "1,2";
			};
			name = Debug;
		};
		CC5564F2239387E800A48D50 /* Release */ = {
			isa = XCBuildConfiguration;
			buildSettings = {
				ASSETCATALOG_COMPILER_APPICON_NAME = AppIcon;
				CODE_SIGN_STYLE = Automatic;
				DEVELOPMENT_TEAM = KV9HGV245U;
				INFOPLIST_FILE = MyContacts/Info.plist;
				LD_RUNPATH_SEARCH_PATHS = (
					"$(inherited)",
					"@executable_path/Frameworks",
				);
				PRODUCT_BUNDLE_IDENTIFIER = Mustafa.MyContacts;
				PRODUCT_NAME = "$(TARGET_NAME)";
				SWIFT_VERSION = 5.0;
				TARGETED_DEVICE_FAMILY = "1,2";
			};
			name = Release;
		};
		CC5564F4239387E800A48D50 /* Debug */ = {
			isa = XCBuildConfiguration;
			buildSettings = {
				ALWAYS_EMBED_SWIFT_STANDARD_LIBRARIES = YES;
				BUNDLE_LOADER = "$(TEST_HOST)";
				CODE_SIGN_STYLE = Automatic;
				DEVELOPMENT_TEAM = KV9HGV245U;
				INFOPLIST_FILE = MyContactsTests/Info.plist;
				IPHONEOS_DEPLOYMENT_TARGET = 13.1;
				LD_RUNPATH_SEARCH_PATHS = (
					"$(inherited)",
					"@executable_path/Frameworks",
					"@loader_path/Frameworks",
				);
				PRODUCT_BUNDLE_IDENTIFIER = Mustafa.MyContactsTests;
				PRODUCT_NAME = "$(TARGET_NAME)";
				SWIFT_VERSION = 5.0;
				TARGETED_DEVICE_FAMILY = "1,2";
				TEST_HOST = "$(BUILT_PRODUCTS_DIR)/MyContacts.app/MyContacts";
			};
			name = Debug;
		};
		CC5564F5239387E800A48D50 /* Release */ = {
			isa = XCBuildConfiguration;
			buildSettings = {
				ALWAYS_EMBED_SWIFT_STANDARD_LIBRARIES = YES;
				BUNDLE_LOADER = "$(TEST_HOST)";
				CODE_SIGN_STYLE = Automatic;
				DEVELOPMENT_TEAM = KV9HGV245U;
				INFOPLIST_FILE = MyContactsTests/Info.plist;
				IPHONEOS_DEPLOYMENT_TARGET = 13.1;
				LD_RUNPATH_SEARCH_PATHS = (
					"$(inherited)",
					"@executable_path/Frameworks",
					"@loader_path/Frameworks",
				);
				PRODUCT_BUNDLE_IDENTIFIER = Mustafa.MyContactsTests;
				PRODUCT_NAME = "$(TARGET_NAME)";
				SWIFT_VERSION = 5.0;
				TARGETED_DEVICE_FAMILY = "1,2";
				TEST_HOST = "$(BUILT_PRODUCTS_DIR)/MyContacts.app/MyContacts";
			};
			name = Release;
		};
		CC5564F7239387E800A48D50 /* Debug */ = {
			isa = XCBuildConfiguration;
			buildSettings = {
				ALWAYS_EMBED_SWIFT_STANDARD_LIBRARIES = YES;
				CODE_SIGN_STYLE = Automatic;
				DEVELOPMENT_TEAM = KV9HGV245U;
				INFOPLIST_FILE = MyContactsUITests/Info.plist;
				LD_RUNPATH_SEARCH_PATHS = (
					"$(inherited)",
					"@executable_path/Frameworks",
					"@loader_path/Frameworks",
				);
				PRODUCT_BUNDLE_IDENTIFIER = Mustafa.MyContactsUITests;
				PRODUCT_NAME = "$(TARGET_NAME)";
				SWIFT_VERSION = 5.0;
				TARGETED_DEVICE_FAMILY = "1,2";
				TEST_TARGET_NAME = MyContacts;
			};
			name = Debug;
		};
		CC5564F8239387E800A48D50 /* Release */ = {
			isa = XCBuildConfiguration;
			buildSettings = {
				ALWAYS_EMBED_SWIFT_STANDARD_LIBRARIES = YES;
				CODE_SIGN_STYLE = Automatic;
				DEVELOPMENT_TEAM = KV9HGV245U;
				INFOPLIST_FILE = MyContactsUITests/Info.plist;
				LD_RUNPATH_SEARCH_PATHS = (
					"$(inherited)",
					"@executable_path/Frameworks",
					"@loader_path/Frameworks",
				);
				PRODUCT_BUNDLE_IDENTIFIER = Mustafa.MyContactsUITests;
				PRODUCT_NAME = "$(TARGET_NAME)";
				SWIFT_VERSION = 5.0;
				TARGETED_DEVICE_FAMILY = "1,2";
				TEST_TARGET_NAME = MyContacts;
			};
			name = Release;
		};
/* End XCBuildConfiguration section */

/* Begin XCConfigurationList section */
		CC5564BF239387E600A48D50 /* Build configuration list for PBXProject "MyContacts" */ = {
			isa = XCConfigurationList;
			buildConfigurations = (
				CC5564EE239387E800A48D50 /* Debug */,
				CC5564EF239387E800A48D50 /* Release */,
			);
			defaultConfigurationIsVisible = 0;
			defaultConfigurationName = Release;
		};
		CC5564F0239387E800A48D50 /* Build configuration list for PBXNativeTarget "MyContacts" */ = {
			isa = XCConfigurationList;
			buildConfigurations = (
				CC5564F1239387E800A48D50 /* Debug */,
				CC5564F2239387E800A48D50 /* Release */,
			);
			defaultConfigurationIsVisible = 0;
			defaultConfigurationName = Release;
		};
		CC5564F3239387E800A48D50 /* Build configuration list for PBXNativeTarget "MyContactsTests" */ = {
			isa = XCConfigurationList;
			buildConfigurations = (
				CC5564F4239387E800A48D50 /* Debug */,
				CC5564F5239387E800A48D50 /* Release */,
			);
			defaultConfigurationIsVisible = 0;
			defaultConfigurationName = Release;
		};
		CC5564F6239387E800A48D50 /* Build configuration list for PBXNativeTarget "MyContactsUITests" */ = {
			isa = XCConfigurationList;
			buildConfigurations = (
				CC5564F7239387E800A48D50 /* Debug */,
				CC5564F8239387E800A48D50 /* Release */,
			);
			defaultConfigurationIsVisible = 0;
			defaultConfigurationName = Release;
		};
/* End XCConfigurationList section */
	};
	rootObject = CC5564BC239387E600A48D50 /* Project object */;
}
